
Microsoft Visual Studio Solution File, Format Version 12.00
# Visual Studio 2012
Project("{FAE04EC0-301F-11D3-BF4B-00C04F79EFBC}") = "ResourcefulCLI", "ResourcefulCLI\ResourcefulCLI.csproj", "{95518D90-BF91-4D69-812F-65E8049721B8}"
EndProject
Project("{FAE04EC0-301F-11D3-BF4B-00C04F79EFBC}") = "ResourcefulServer", "ResourcefulServer\ResourcefulServer.csproj", "{3A842692-56A4-4456-87D0-34F52F9A193B}"
EndProject
Project("{D954291E-2A0B-460D-934E-DC6B0785DB48}") = "Resourceful.Xamarin.TestApp", "Resourceful.Xamarin.TestApp\Resourceful.Xamarin.TestApp.shproj", "{3619D492-6F5C-4E38-BFA8-E9FE7A68ABB0}"
EndProject
Project("{FAE04EC0-301F-11D3-BF4B-00C04F79EFBC}") = "Resourceful.Xamarin.TestApp.iOS", "iOS\Resourceful.Xamarin.TestApp.iOS.csproj", "{8CED6782-92E0-49C4-9C89-ACC0ED73F818}"
EndProject
Project("{FAE04EC0-301F-11D3-BF4B-00C04F79EFBC}") = "Resourceful.Xamarin.TestApp.Droid", "Droid\Resourceful.Xamarin.TestApp.Droid.csproj", "{8BCD37C5-F44C-4E4A-9FFA-1565D26B73D9}"
EndProject
Project("{FAE04EC0-301F-11D3-BF4B-00C04F79EFBC}") = "Resourceful", "Resourceful\Resourceful.csproj", "{FD79312F-168C-4C05-9B28-8E3F4488DAE8}"
EndProject
Project("{FAE04EC0-301F-11D3-BF4B-00C04F79EFBC}") = "BeaconLib", "BeaconLib\BeaconLib.csproj", "{F794DECD-5A9D-4DD2-8475-02331E1EB135}"
EndProject
Project("{D954291E-2A0B-460D-934E-DC6B0785DB48}") = "ResourcefulShared", "ResourcefulShared\ResourcefulShared.shproj", "{D1EA04EB-0A80-4F3A-877A-10497DC36051}"
EndProject
Project("{FAE04EC0-301F-11D3-BF4B-00C04F79EFBC}") = "Resourceful.Wpf.TestApp", "Resourceful.Wpf.TestApp\Resourceful.Wpf.TestApp.csproj", "{AC1EBC92-36B7-4D47-B577-6CFA15BA9A29}"
EndProject
Global
	GlobalSection(SolutionConfigurationPlatforms) = preSolution
		Debug|Any CPU = Debug|Any CPU
		Release|Any CPU = Release|Any CPU
		Debug|iPhoneSimulator = Debug|iPhoneSimulator
		Release|iPhone = Release|iPhone
		Release|iPhoneSimulator = Release|iPhoneSimulator
		Debug|iPhone = Debug|iPhone
	EndGlobalSection
	GlobalSection(ProjectConfigurationPlatforms) = postSolution
		{95518D90-BF91-4D69-812F-65E8049721B8}.Debug|Any CPU.ActiveCfg = Debug|Any CPU
		{95518D90-BF91-4D69-812F-65E8049721B8}.Debug|Any CPU.Build.0 = Debug|Any CPU
		{95518D90-BF91-4D69-812F-65E8049721B8}.Release|Any CPU.ActiveCfg = Release|Any CPU
		{95518D90-BF91-4D69-812F-65E8049721B8}.Release|Any CPU.Build.0 = Release|Any CPU
		{95518D90-BF91-4D69-812F-65E8049721B8}.Debug|iPhoneSimulator.ActiveCfg = Debug|Any CPU
		{95518D90-BF91-4D69-812F-65E8049721B8}.Debug|iPhoneSimulator.Build.0 = Debug|Any CPU
		{95518D90-BF91-4D69-812F-65E8049721B8}.Release|iPhone.ActiveCfg = Release|Any CPU
		{95518D90-BF91-4D69-812F-65E8049721B8}.Release|iPhone.Build.0 = Release|Any CPU
		{95518D90-BF91-4D69-812F-65E8049721B8}.Release|iPhoneSimulator.ActiveCfg = Release|Any CPU
		{95518D90-BF91-4D69-812F-65E8049721B8}.Release|iPhoneSimulator.Build.0 = Release|Any CPU
		{95518D90-BF91-4D69-812F-65E8049721B8}.Debug|iPhone.ActiveCfg = Debug|Any CPU
		{95518D90-BF91-4D69-812F-65E8049721B8}.Debug|iPhone.Build.0 = Debug|Any CPU
		{3A842692-56A4-4456-87D0-34F52F9A193B}.Debug|Any CPU.ActiveCfg = Debug|Any CPU
		{3A842692-56A4-4456-87D0-34F52F9A193B}.Debug|Any CPU.Build.0 = Debug|Any CPU
		{3A842692-56A4-4456-87D0-34F52F9A193B}.Release|Any CPU.ActiveCfg = Release|Any CPU
		{3A842692-56A4-4456-87D0-34F52F9A193B}.Release|Any CPU.Build.0 = Release|Any CPU
		{3A842692-56A4-4456-87D0-34F52F9A193B}.Debug|iPhoneSimulator.ActiveCfg = Debug|Any CPU
		{3A842692-56A4-4456-87D0-34F52F9A193B}.Debug|iPhoneSimulator.Build.0 = Debug|Any CPU
		{3A842692-56A4-4456-87D0-34F52F9A193B}.Release|iPhone.ActiveCfg = Release|Any CPU
		{3A842692-56A4-4456-87D0-34F52F9A193B}.Release|iPhone.Build.0 = Release|Any CPU
		{3A842692-56A4-4456-87D0-34F52F9A193B}.Release|iPhoneSimulator.ActiveCfg = Release|Any CPU
		{3A842692-56A4-4456-87D0-34F52F9A193B}.Release|iPhoneSimulator.Build.0 = Release|Any CPU
		{3A842692-56A4-4456-87D0-34F52F9A193B}.Debug|iPhone.ActiveCfg = Debug|Any CPU
		{3A842692-56A4-4456-87D0-34F52F9A193B}.Debug|iPhone.Build.0 = Debug|Any CPU
		{8CED6782-92E0-49C4-9C89-ACC0ED73F818}.Debug|Any CPU.ActiveCfg = Debug|iPhoneSimulator
		{8CED6782-92E0-49C4-9C89-ACC0ED73F818}.Debug|Any CPU.Build.0 = Debug|iPhoneSimulator
		{8CED6782-92E0-49C4-9C89-ACC0ED73F818}.Release|Any CPU.ActiveCfg = Release|iPhone
		{8CED6782-92E0-49C4-9C89-ACC0ED73F818}.Release|Any CPU.Build.0 = Release|iPhone
		{8CED6782-92E0-49C4-9C89-ACC0ED73F818}.Release|iPhone.ActiveCfg = Release|iPhone
		{8CED6782-92E0-49C4-9C89-ACC0ED73F818}.Release|iPhone.Build.0 = Release|iPhone
		{8CED6782-92E0-49C4-9C89-ACC0ED73F818}.Release|iPhoneSimulator.ActiveCfg = Release|iPhoneSimulator
		{8CED6782-92E0-49C4-9C89-ACC0ED73F818}.Release|iPhoneSimulator.Build.0 = Release|iPhoneSimulator
		{8CED6782-92E0-49C4-9C89-ACC0ED73F818}.Debug|iPhone.ActiveCfg = Debug|iPhone
		{8CED6782-92E0-49C4-9C89-ACC0ED73F818}.Debug|iPhone.Build.0 = Debug|iPhone
		{8CED6782-92E0-49C4-9C89-ACC0ED73F818}.Debug|iPhoneSimulator.ActiveCfg = test|iPhoneSimulator
		{8BCD37C5-F44C-4E4A-9FFA-1565D26B73D9}.Debug|Any CPU.ActiveCfg = Debug|Any CPU
		{8BCD37C5-F44C-4E4A-9FFA-1565D26B73D9}.Debug|Any CPU.Build.0 = Debug|Any CPU
		{8BCD37C5-F44C-4E4A-9FFA-1565D26B73D9}.Release|Any CPU.ActiveCfg = Release|Any CPU
		{8BCD37C5-F44C-4E4A-9FFA-1565D26B73D9}.Release|Any CPU.Build.0 = Release|Any CPU
		{8BCD37C5-F44C-4E4A-9FFA-1565D26B73D9}.Debug|iPhoneSimulator.ActiveCfg = Debug|Any CPU
		{8BCD37C5-F44C-4E4A-9FFA-1565D26B73D9}.Debug|iPhoneSimulator.Build.0 = Debug|Any CPU
		{8BCD37C5-F44C-4E4A-9FFA-1565D26B73D9}.Release|iPhone.ActiveCfg = Release|Any CPU
		{8BCD37C5-F44C-4E4A-9FFA-1565D26B73D9}.Release|iPhone.Build.0 = Release|Any CPU
		{8BCD37C5-F44C-4E4A-9FFA-1565D26B73D9}.Release|iPhoneSimulator.ActiveCfg = Release|Any CPU
		{8BCD37C5-F44C-4E4A-9FFA-1565D26B73D9}.Release|iPhoneSimulator.Build.0 = Release|Any CPU
		{8BCD37C5-F44C-4E4A-9FFA-1565D26B73D9}.Debug|iPhone.ActiveCfg = Debug|Any CPU
		{8BCD37C5-F44C-4E4A-9FFA-1565D26B73D9}.Debug|iPhone.Build.0 = Debug|Any CPU
		{FD79312F-168C-4C05-9B28-8E3F4488DAE8}.Debug|Any CPU.ActiveCfg = Debug|Any CPU
		{FD79312F-168C-4C05-9B28-8E3F4488DAE8}.Debug|Any CPU.Build.0 = Debug|Any CPU
		{FD79312F-168C-4C05-9B28-8E3F4488DAE8}.Release|Any CPU.ActiveCfg = Release|Any CPU
		{FD79312F-168C-4C05-9B28-8E3F4488DAE8}.Release|Any CPU.Build.0 = Release|Any CPU
		{FD79312F-168C-4C05-9B28-8E3F4488DAE8}.Debug|iPhoneSimulator.ActiveCfg = Debug|Any CPU
		{FD79312F-168C-4C05-9B28-8E3F4488DAE8}.Debug|iPhoneSimulator.Build.0 = Debug|Any CPU
		{FD79312F-168C-4C05-9B28-8E3F4488DAE8}.Release|iPhone.ActiveCfg = Release|Any CPU
		{FD79312F-168C-4C05-9B28-8E3F4488DAE8}.Release|iPhone.Build.0 = Release|Any CPU
		{FD79312F-168C-4C05-9B28-8E3F4488DAE8}.Release|iPhoneSimulator.ActiveCfg = Release|Any CPU
		{FD79312F-168C-4C05-9B28-8E3F4488DAE8}.Release|iPhoneSimulator.Build.0 = Release|Any CPU
		{FD79312F-168C-4C05-9B28-8E3F4488DAE8}.Debug|iPhone.ActiveCfg = Debug|Any CPU
		{FD79312F-168C-4C05-9B28-8E3F4488DAE8}.Debug|iPhone.Build.0 = Debug|Any CPU
		{F794DECD-5A9D-4DD2-8475-02331E1EB135}.Debug|Any CPU.ActiveCfg = Debug|Any CPU
		{F794DECD-5A9D-4DD2-8475-02331E1EB135}.Debug|Any CPU.Build.0 = Debug|Any CPU
		{F794DECD-5A9D-4DD2-8475-02331E1EB135}.Release|Any CPU.ActiveCfg = Release|Any CPU
		{F794DECD-5A9D-4DD2-8475-02331E1EB135}.Release|Any CPU.Build.0 = Release|Any CPU
		{F794DECD-5A9D-4DD2-8475-02331E1EB135}.Debug|iPhoneSimulator.ActiveCfg = Debug|Any CPU
		{F794DECD-5A9D-4DD2-8475-02331E1EB135}.Debug|iPhoneSimulator.Build.0 = Debug|Any CPU
		{F794DECD-5A9D-4DD2-8475-02331E1EB135}.Release|iPhone.ActiveCfg = Release|Any CPU
		{F794DECD-5A9D-4DD2-8475-02331E1EB135}.Release|iPhone.Build.0 = Release|Any CPU
		{F794DECD-5A9D-4DD2-8475-02331E1EB135}.Release|iPhoneSimulator.ActiveCfg = Release|Any CPU
		{F794DECD-5A9D-4DD2-8475-02331E1EB135}.Release|iPhoneSimulator.Build.0 = Release|Any CPU
		{F794DECD-5A9D-4DD2-8475-02331E1EB135}.Debug|iPhone.ActiveCfg = Debug|Any CPU
		{F794DECD-5A9D-4DD2-8475-02331E1EB135}.Debug|iPhone.Build.0 = Debug|Any CPU
		{AC1EBC92-36B7-4D47-B577-6CFA15BA9A29}.Debug|Any CPU.ActiveCfg = Debug|Any CPU
		{AC1EBC92-36B7-4D47-B577-6CFA15BA9A29}.Debug|Any CPU.Build.0 = Debug|Any CPU
		{AC1EBC92-36B7-4D47-B577-6CFA15BA9A29}.Release|Any CPU.ActiveCfg = Release|Any CPU
		{AC1EBC92-36B7-4D47-B577-6CFA15BA9A29}.Release|Any CPU.Build.0 = Release|Any CPU
		{AC1EBC92-36B7-4D47-B577-6CFA15BA9A29}.Debug|iPhoneSimulator.ActiveCfg = Debug|Any CPU
		{AC1EBC92-36B7-4D47-B577-6CFA15BA9A29}.Debug|iPhoneSimulator.Build.0 = Debug|Any CPU
		{AC1EBC92-36B7-4D47-B577-6CFA15BA9A29}.Release|iPhone.ActiveCfg = Release|Any CPU
		{AC1EBC92-36B7-4D47-B577-6CFA15BA9A29}.Release|iPhone.Build.0 = Release|Any CPU
		{AC1EBC92-36B7-4D47-B577-6CFA15BA9A29}.Release|iPhoneSimulator.ActiveCfg = Release|Any CPU
		{AC1EBC92-36B7-4D47-B577-6CFA15BA9A29}.Release|iPhoneSimulator.Build.0 = Release|Any CPU
		{AC1EBC92-36B7-4D47-B577-6CFA15BA9A29}.Debug|iPhone.ActiveCfg = Debug|Any CPU
		{AC1EBC92-36B7-4D47-B577-6CFA15BA9A29}.Debug|iPhone.Build.0 = Debug|Any CPU
	EndGlobalSection
EndGlobal
